// !$*UTF8*$!
{
	archiveVersion = 1;
	classes = {
	};
	objectVersion = 56;
	objects = {

/* Begin PBXBuildFile section */
		6E05E3D9291C2AD700B08F4B /* AppDelegate.swift in Sources */ = {isa = PBXBuildFile; fileRef = 6E05E3D8291C2AD700B08F4B /* AppDelegate.swift */; };
		6E05E3DB291C2AD700B08F4B /* SceneDelegate.swift in Sources */ = {isa = PBXBuildFile; fileRef = 6E05E3DA291C2AD700B08F4B /* SceneDelegate.swift */; };
		6E05E3E2291C2AD800B08F4B /* Assets.xcassets in Resources */ = {isa = PBXBuildFile; fileRef = 6E05E3E1291C2AD800B08F4B /* Assets.xcassets */; };
		6E05E3E5291C2AD800B08F4B /* LaunchScreen.storyboard in Resources */ = {isa = PBXBuildFile; fileRef = 6E05E3E3291C2AD800B08F4B /* LaunchScreen.storyboard */; };
		6E52293D29981DE900836594 /* EndPoint.swift in Sources */ = {isa = PBXBuildFile; fileRef = 6E52293C29981DE900836594 /* EndPoint.swift */; };
		6E52293F2998205C00836594 /* ProductEndPoint.swift in Sources */ = {isa = PBXBuildFile; fileRef = 6E52293E2998205C00836594 /* ProductEndPoint.swift */; };
		6E5229422998252900836594 /* APIManager.swift in Sources */ = {isa = PBXBuildFile; fileRef = 6E5229412998252900836594 /* APIManager.swift */; };
		6E5229452998284900836594 /* CustomErrors.swift in Sources */ = {isa = PBXBuildFile; fileRef = 6E5229442998284900836594 /* CustomErrors.swift */; };
		6E5229472998323A00836594 /* Product.swift in Sources */ = {isa = PBXBuildFile; fileRef = 6E5229462998323A00836594 /* Product.swift */; };
		6E78EBF52964203E0046C6F8 /* ProductDetailsViewController.swift in Sources */ = {isa = PBXBuildFile; fileRef = 6E78EBF42964203E0046C6F8 /* ProductDetailsViewController.swift */; };
		6E78EBF7296425E00046C6F8 /* ProductDetailsConfigurator.swift in Sources */ = {isa = PBXBuildFile; fileRef = 6E78EBF6296425E00046C6F8 /* ProductDetailsConfigurator.swift */; };
		6E78EBF9296428710046C6F8 /* ProductDetailsInterfaces.swift in Sources */ = {isa = PBXBuildFile; fileRef = 6E78EBF8296428710046C6F8 /* ProductDetailsInterfaces.swift */; };
		6E78EBFB296429910046C6F8 /* ProductDetailsInteractor.swift in Sources */ = {isa = PBXBuildFile; fileRef = 6E78EBFA296429910046C6F8 /* ProductDetailsInteractor.swift */; };
		6E78EBFD29642A140046C6F8 /* ProductDetailsPresenter.swift in Sources */ = {isa = PBXBuildFile; fileRef = 6E78EBFC29642A140046C6F8 /* ProductDetailsPresenter.swift */; };
		6E811D562999030F00214B50 /* ProductsViewController.swift in Sources */ = {isa = PBXBuildFile; fileRef = 6E811D552999030F00214B50 /* ProductsViewController.swift */; };
		6E811D58299904D200214B50 /* ProductsInterfaces.swift in Sources */ = {isa = PBXBuildFile; fileRef = 6E811D57299904D200214B50 /* ProductsInterfaces.swift */; };
		6E811D5A2999067B00214B50 /* ProductsConfigurator.swift in Sources */ = {isa = PBXBuildFile; fileRef = 6E811D592999067B00214B50 /* ProductsConfigurator.swift */; };
		6E811D5C29990CB000214B50 /* ProductsInteractor.swift in Sources */ = {isa = PBXBuildFile; fileRef = 6E811D5B29990CB000214B50 /* ProductsInteractor.swift */; };
		6E811D5E2999105700214B50 /* ProductsPresenter.swift in Sources */ = {isa = PBXBuildFile; fileRef = 6E811D5D2999105700214B50 /* ProductsPresenter.swift */; };
		6E811D60299911F800214B50 /* ProductsDataSource.swift in Sources */ = {isa = PBXBuildFile; fileRef = 6E811D5F299911F800214B50 /* ProductsDataSource.swift */; };
		6E811D622999131B00214B50 /* ProductsWorker.swift in Sources */ = {isa = PBXBuildFile; fileRef = 6E811D612999131B00214B50 /* ProductsWorker.swift */; };
		6E811D642999137700214B50 /* ProductsRouter.swift in Sources */ = {isa = PBXBuildFile; fileRef = 6E811D632999137700214B50 /* ProductsRouter.swift */; };
		6E811D6629992AB400214B50 /* ProductTableViewCell.swift in Sources */ = {isa = PBXBuildFile; fileRef = 6E811D6529992AB400214B50 /* ProductTableViewCell.swift */; };
		6E811D69299940B700214B50 /* Kingfisher in Frameworks */ = {isa = PBXBuildFile; productRef = 6E811D68299940B700214B50 /* Kingfisher */; };
		6E811D6C2999432800214B50 /* UIImageView+Extension.swift in Sources */ = {isa = PBXBuildFile; fileRef = 6E811D6B2999432800214B50 /* UIImageView+Extension.swift */; };
		6EF2B6322962F9370041242B /* Constants.swift in Sources */ = {isa = PBXBuildFile; fileRef = 6EF2B6312962F9370041242B /* Constants.swift */; };
/* End PBXBuildFile section */

/* Begin PBXContainerItemProxy section */
		6EA5C4ED2965CB53008D1927 /* PBXContainerItemProxy */ = {
			isa = PBXContainerItemProxy;
			containerPortal = 6E05E3CD291C2AD700B08F4B /* Project object */;
			proxyType = 1;
			remoteGlobalIDString = 6E05E3D4291C2AD700B08F4B;
			remoteInfo = SimpleVIPExample;
		};
/* End PBXContainerItemProxy section */

/* Begin PBXFileReference section */
		6E05E3D5291C2AD700B08F4B /* SimpleVIPExample.app */ = {isa = PBXFileReference; explicitFileType = wrapper.application; includeInIndex = 0; path = SimpleVIPExample.app; sourceTree = BUILT_PRODUCTS_DIR; };
		6E05E3D8291C2AD700B08F4B /* AppDelegate.swift */ = {isa = PBXFileReference; lastKnownFileType = sourcecode.swift; path = AppDelegate.swift; sourceTree = "<group>"; };
		6E05E3DA291C2AD700B08F4B /* SceneDelegate.swift */ = {isa = PBXFileReference; lastKnownFileType = sourcecode.swift; path = SceneDelegate.swift; sourceTree = "<group>"; };
		6E05E3E1291C2AD800B08F4B /* Assets.xcassets */ = {isa = PBXFileReference; lastKnownFileType = folder.assetcatalog; path = Assets.xcassets; sourceTree = "<group>"; };
		6E05E3E4291C2AD800B08F4B /* Base */ = {isa = PBXFileReference; lastKnownFileType = file.storyboard; name = Base; path = Base.lproj/LaunchScreen.storyboard; sourceTree = "<group>"; };
		6E05E3E6291C2AD800B08F4B /* Info.plist */ = {isa = PBXFileReference; lastKnownFileType = text.plist.xml; path = Info.plist; sourceTree = "<group>"; };
		6E52293C29981DE900836594 /* EndPoint.swift */ = {isa = PBXFileReference; lastKnownFileType = sourcecode.swift; path = EndPoint.swift; sourceTree = "<group>"; };
		6E52293E2998205C00836594 /* ProductEndPoint.swift */ = {isa = PBXFileReference; lastKnownFileType = sourcecode.swift; path = ProductEndPoint.swift; sourceTree = "<group>"; };
		6E5229412998252900836594 /* APIManager.swift */ = {isa = PBXFileReference; lastKnownFileType = sourcecode.swift; path = APIManager.swift; sourceTree = "<group>"; };
		6E5229442998284900836594 /* CustomErrors.swift */ = {isa = PBXFileReference; lastKnownFileType = sourcecode.swift; path = CustomErrors.swift; sourceTree = "<group>"; };
		6E5229462998323A00836594 /* Product.swift */ = {isa = PBXFileReference; lastKnownFileType = sourcecode.swift; path = Product.swift; sourceTree = "<group>"; };
		6E78EBF42964203E0046C6F8 /* ProductDetailsViewController.swift */ = {isa = PBXFileReference; lastKnownFileType = sourcecode.swift; path = ProductDetailsViewController.swift; sourceTree = "<group>"; };
		6E78EBF6296425E00046C6F8 /* ProductDetailsConfigurator.swift */ = {isa = PBXFileReference; lastKnownFileType = sourcecode.swift; path = ProductDetailsConfigurator.swift; sourceTree = "<group>"; };
		6E78EBF8296428710046C6F8 /* ProductDetailsInterfaces.swift */ = {isa = PBXFileReference; lastKnownFileType = sourcecode.swift; path = ProductDetailsInterfaces.swift; sourceTree = "<group>"; };
		6E78EBFA296429910046C6F8 /* ProductDetailsInteractor.swift */ = {isa = PBXFileReference; lastKnownFileType = sourcecode.swift; path = ProductDetailsInteractor.swift; sourceTree = "<group>"; };
		6E78EBFC29642A140046C6F8 /* ProductDetailsPresenter.swift */ = {isa = PBXFileReference; lastKnownFileType = sourcecode.swift; path = ProductDetailsPresenter.swift; sourceTree = "<group>"; };
		6E811D552999030F00214B50 /* ProductsViewController.swift */ = {isa = PBXFileReference; lastKnownFileType = sourcecode.swift; path = ProductsViewController.swift; sourceTree = "<group>"; };
		6E811D57299904D200214B50 /* ProductsInterfaces.swift */ = {isa = PBXFileReference; lastKnownFileType = sourcecode.swift; path = ProductsInterfaces.swift; sourceTree = "<group>"; };
		6E811D592999067B00214B50 /* ProductsConfigurator.swift */ = {isa = PBXFileReference; lastKnownFileType = sourcecode.swift; path = ProductsConfigurator.swift; sourceTree = "<group>"; };
		6E811D5B29990CB000214B50 /* ProductsInteractor.swift */ = {isa = PBXFileReference; lastKnownFileType = sourcecode.swift; path = ProductsInteractor.swift; sourceTree = "<group>"; };
		6E811D5D2999105700214B50 /* ProductsPresenter.swift */ = {isa = PBXFileReference; lastKnownFileType = sourcecode.swift; path = ProductsPresenter.swift; sourceTree = "<group>"; };
		6E811D5F299911F800214B50 /* ProductsDataSource.swift */ = {isa = PBXFileReference; lastKnownFileType = sourcecode.swift; path = ProductsDataSource.swift; sourceTree = "<group>"; };
		6E811D612999131B00214B50 /* ProductsWorker.swift */ = {isa = PBXFileReference; lastKnownFileType = sourcecode.swift; path = ProductsWorker.swift; sourceTree = "<group>"; };
		6E811D632999137700214B50 /* ProductsRouter.swift */ = {isa = PBXFileReference; lastKnownFileType = sourcecode.swift; path = ProductsRouter.swift; sourceTree = "<group>"; };
		6E811D6529992AB400214B50 /* ProductTableViewCell.swift */ = {isa = PBXFileReference; lastKnownFileType = sourcecode.swift; path = ProductTableViewCell.swift; sourceTree = "<group>"; };
		6E811D6B2999432800214B50 /* UIImageView+Extension.swift */ = {isa = PBXFileReference; lastKnownFileType = sourcecode.swift; path = "UIImageView+Extension.swift"; sourceTree = "<group>"; };
		6EA5C4E92965CB53008D1927 /* SimpleVIPExampleTests.xctest */ = {isa = PBXFileReference; explicitFileType = wrapper.cfbundle; includeInIndex = 0; path = SimpleVIPExampleTests.xctest; sourceTree = BUILT_PRODUCTS_DIR; };
		6EF2B6312962F9370041242B /* Constants.swift */ = {isa = PBXFileReference; lastKnownFileType = sourcecode.swift; path = Constants.swift; sourceTree = "<group>"; };
/* End PBXFileReference section */

/* Begin PBXFrameworksBuildPhase section */
		6E05E3D2291C2AD700B08F4B /* Frameworks */ = {
			isa = PBXFrameworksBuildPhase;
			buildActionMask = 2147483647;
			files = (
				6E811D69299940B700214B50 /* Kingfisher in Frameworks */,
			);
			runOnlyForDeploymentPostprocessing = 0;
		};
		6EA5C4E62965CB53008D1927 /* Frameworks */ = {
			isa = PBXFrameworksBuildPhase;
			buildActionMask = 2147483647;
			files = (
			);
			runOnlyForDeploymentPostprocessing = 0;
		};
/* End PBXFrameworksBuildPhase section */

/* Begin PBXGroup section */
		6E05E3CC291C2AD700B08F4B = {
			isa = PBXGroup;
			children = (
				6E05E3D7291C2AD700B08F4B /* SimpleVIPExample */,
				6E05E3D6291C2AD700B08F4B /* Products */,
			);
			sourceTree = "<group>";
		};
		6E05E3D6291C2AD700B08F4B /* Products */ = {
			isa = PBXGroup;
			children = (
				6E05E3D5291C2AD700B08F4B /* SimpleVIPExample.app */,
				6EA5C4E92965CB53008D1927 /* SimpleVIPExampleTests.xctest */,
			);
			name = Products;
			sourceTree = "<group>";
		};
		6E05E3D7291C2AD700B08F4B /* SimpleVIPExample */ = {
			isa = PBXGroup;
			children = (
				6E05E3EC291C2E2100B08F4B /* AppDelegate */,
				6EF2B61A2962D7420041242B /* Resource */,
				6E5229432998255200836594 /* Constants */,
				6E811D6A2999430A00214B50 /* Extension */,
				6E52293A29981CBD00836594 /* Utility */,
				6EF2B6302962F90F0041242B /* Helper */,
				6EF2B6282962E37B0041242B /* Models */,
				6EF2B61D2962D7D00041242B /* Scene */,
				6E05E3E3291C2AD800B08F4B /* LaunchScreen.storyboard */,
				6E05E3E6291C2AD800B08F4B /* Info.plist */,
			);
			path = SimpleVIPExample;
			sourceTree = "<group>";
		};
		6E05E3EC291C2E2100B08F4B /* AppDelegate */ = {
			isa = PBXGroup;
			children = (
				6E05E3D8291C2AD700B08F4B /* AppDelegate.swift */,
				6E05E3DA291C2AD700B08F4B /* SceneDelegate.swift */,
			);
			path = AppDelegate;
			sourceTree = "<group>";
		};
		6E52293A29981CBD00836594 /* Utility */ = {
			isa = PBXGroup;
			children = (
				6E52293C29981DE900836594 /* EndPoint.swift */,
				6E52293E2998205C00836594 /* ProductEndPoint.swift */,
			);
			path = Utility;
			sourceTree = "<group>";
		};
		6E5229432998255200836594 /* Constants */ = {
			isa = PBXGroup;
			children = (
				6EF2B6312962F9370041242B /* Constants.swift */,
			);
			path = Constants;
			sourceTree = "<group>";
		};
		6E78EBF22964193B0046C6F8 /* ProductsScene */ = {
			isa = PBXGroup;
			children = (
				6EF2B6332962F9CC0041242B /* View */,
				6E811D552999030F00214B50 /* ProductsViewController.swift */,
				6E811D5B29990CB000214B50 /* ProductsInteractor.swift */,
				6E811D5D2999105700214B50 /* ProductsPresenter.swift */,
				6E811D5F299911F800214B50 /* ProductsDataSource.swift */,
				6E811D632999137700214B50 /* ProductsRouter.swift */,
				6E811D612999131B00214B50 /* ProductsWorker.swift */,
				6E811D57299904D200214B50 /* ProductsInterfaces.swift */,
				6E811D592999067B00214B50 /* ProductsConfigurator.swift */,
			);
			path = ProductsScene;
			sourceTree = "<group>";
		};
		6E78EBF329641D310046C6F8 /* ProductDetails */ = {
			isa = PBXGroup;
			children = (
				6E78EBF42964203E0046C6F8 /* ProductDetailsViewController.swift */,
				6E78EBFA296429910046C6F8 /* ProductDetailsInteractor.swift */,
				6E78EBFC29642A140046C6F8 /* ProductDetailsPresenter.swift */,
				6E78EBF6296425E00046C6F8 /* ProductDetailsConfigurator.swift */,
				6E78EBF8296428710046C6F8 /* ProductDetailsInterfaces.swift */,
			);
			path = ProductDetails;
			sourceTree = "<group>";
		};
		6E811D6A2999430A00214B50 /* Extension */ = {
			isa = PBXGroup;
			children = (
				6E811D6B2999432800214B50 /* UIImageView+Extension.swift */,
			);
			path = Extension;
			sourceTree = "<group>";
		};
		6EF2B61A2962D7420041242B /* Resource */ = {
			isa = PBXGroup;
			children = (
				6E05E3E1291C2AD800B08F4B /* Assets.xcassets */,
			);
			path = Resource;
			sourceTree = "<group>";
		};
		6EF2B61D2962D7D00041242B /* Scene */ = {
			isa = PBXGroup;
			children = (
				6E78EBF22964193B0046C6F8 /* ProductsScene */,
				6E78EBF329641D310046C6F8 /* ProductDetails */,
			);
			path = Scene;
			sourceTree = "<group>";
		};
		6EF2B6282962E37B0041242B /* Models */ = {
			isa = PBXGroup;
			children = (
				6E5229462998323A00836594 /* Product.swift */,
			);
			path = Models;
			sourceTree = "<group>";
		};
		6EF2B6302962F90F0041242B /* Helper */ = {
			isa = PBXGroup;
			children = (
				6E5229412998252900836594 /* APIManager.swift */,
				6E5229442998284900836594 /* CustomErrors.swift */,
			);
			path = Helper;
			sourceTree = "<group>";
		};
		6EF2B6332962F9CC0041242B /* View */ = {
			isa = PBXGroup;
			children = (
				6E811D6529992AB400214B50 /* ProductTableViewCell.swift */,
			);
			path = View;
			sourceTree = "<group>";
		};
/* End PBXGroup section */

/* Begin PBXNativeTarget section */
		6E05E3D4291C2AD700B08F4B /* SimpleVIPExample */ = {
			isa = PBXNativeTarget;
			buildConfigurationList = 6E05E3E9291C2AD800B08F4B /* Build configuration list for PBXNativeTarget "SimpleVIPExample" */;
			buildPhases = (
				6E05E3D1291C2AD700B08F4B /* Sources */,
				6E05E3D2291C2AD700B08F4B /* Frameworks */,
				6E05E3D3291C2AD700B08F4B /* Resources */,
			);
			buildRules = (
			);
			dependencies = (
			);
			name = SimpleVIPExample;
			packageProductDependencies = (
				6E811D68299940B700214B50 /* Kingfisher */,
			);
			productName = SimpleVIPExample;
			productReference = 6E05E3D5291C2AD700B08F4B /* SimpleVIPExample.app */;
			productType = "com.apple.product-type.application";
		};
		6EA5C4E82965CB53008D1927 /* SimpleVIPExampleTests */ = {
			isa = PBXNativeTarget;
			buildConfigurationList = 6EA5C4F12965CB53008D1927 /* Build configuration list for PBXNativeTarget "SimpleVIPExampleTests" */;
			buildPhases = (
				6EA5C4E52965CB53008D1927 /* Sources */,
				6EA5C4E62965CB53008D1927 /* Frameworks */,
				6EA5C4E72965CB53008D1927 /* Resources */,
			);
			buildRules = (
			);
			dependencies = (
				6EA5C4EE2965CB53008D1927 /* PBXTargetDependency */,
			);
			name = SimpleVIPExampleTests;
			productName = SimpleVIPExampleTests;
			productReference = 6EA5C4E92965CB53008D1927 /* SimpleVIPExampleTests.xctest */;
			productType = "com.apple.product-type.bundle.unit-test";
		};
/* End PBXNativeTarget section */

/* Begin PBXProject section */
		6E05E3CD291C2AD700B08F4B /* Project object */ = {
			isa = PBXProject;
			attributes = {
				BuildIndependentTargetsInParallel = 1;
				LastSwiftUpdateCheck = 1400;
				LastUpgradeCheck = 1400;
				TargetAttributes = {
					6E05E3D4291C2AD700B08F4B = {
						CreatedOnToolsVersion = 14.0;
					};
					6EA5C4E82965CB53008D1927 = {
						CreatedOnToolsVersion = 14.0;
						LastSwiftMigration = 1400;
						TestTargetID = 6E05E3D4291C2AD700B08F4B;
					};
				};
			};
			buildConfigurationList = 6E05E3D0291C2AD700B08F4B /* Build configuration list for PBXProject "SimpleVIPExample" */;
			compatibilityVersion = "Xcode 14.0";
			developmentRegion = en;
			hasScannedForEncodings = 0;
			knownRegions = (
				en,
				Base,
			);
			mainGroup = 6E05E3CC291C2AD700B08F4B;
			packageReferences = (
				6E811D67299940B700214B50 /* XCRemoteSwiftPackageReference "Kingfisher" */,
			);
			productRefGroup = 6E05E3D6291C2AD700B08F4B /* Products */;
			projectDirPath = "";
			projectRoot = "";
			targets = (
				6E05E3D4291C2AD700B08F4B /* SimpleVIPExample */,
				6EA5C4E82965CB53008D1927 /* SimpleVIPExampleTests */,
			);
		};
/* End PBXProject section */

/* Begin PBXResourcesBuildPhase section */
		6E05E3D3291C2AD700B08F4B /* Resources */ = {
			isa = PBXResourcesBuildPhase;
			buildActionMask = 2147483647;
			files = (
				6E05E3E5291C2AD800B08F4B /* LaunchScreen.storyboard in Resources */,
				6E05E3E2291C2AD800B08F4B /* Assets.xcassets in Resources */,
			);
			runOnlyForDeploymentPostprocessing = 0;
		};
		6EA5C4E72965CB53008D1927 /* Resources */ = {
			isa = PBXResourcesBuildPhase;
			buildActionMask = 2147483647;
			files = (
			);
			runOnlyForDeploymentPostprocessing = 0;
		};
/* End PBXResourcesBuildPhase section */

/* Begin PBXSourcesBuildPhase section */
		6E05E3D1291C2AD700B08F4B /* Sources */ = {
			isa = PBXSourcesBuildPhase;
			buildActionMask = 2147483647;
			files = (
				6E811D60299911F800214B50 /* ProductsDataSource.swift in Sources */,
				6EF2B6322962F9370041242B /* Constants.swift in Sources */,
				6E811D642999137700214B50 /* ProductsRouter.swift in Sources */,
				6E5229422998252900836594 /* APIManager.swift in Sources */,
				6E811D58299904D200214B50 /* ProductsInterfaces.swift in Sources */,
				6E811D5C29990CB000214B50 /* ProductsInteractor.swift in Sources */,
				6E52293D29981DE900836594 /* EndPoint.swift in Sources */,
				6E78EBFD29642A140046C6F8 /* ProductDetailsPresenter.swift in Sources */,
				6E78EBF52964203E0046C6F8 /* ProductDetailsViewController.swift in Sources */,
				6E05E3D9291C2AD700B08F4B /* AppDelegate.swift in Sources */,
				6E78EBFB296429910046C6F8 /* ProductDetailsInteractor.swift in Sources */,
				6E811D5A2999067B00214B50 /* ProductsConfigurator.swift in Sources */,
				6E811D562999030F00214B50 /* ProductsViewController.swift in Sources */,
				6E05E3DB291C2AD700B08F4B /* SceneDelegate.swift in Sources */,
				6E811D5E2999105700214B50 /* ProductsPresenter.swift in Sources */,
				6E78EBF7296425E00046C6F8 /* ProductDetailsConfigurator.swift in Sources */,
				6E811D622999131B00214B50 /* ProductsWorker.swift in Sources */,
				6E5229472998323A00836594 /* Product.swift in Sources */,
				6E52293F2998205C00836594 /* ProductEndPoint.swift in Sources */,
				6E811D6629992AB400214B50 /* ProductTableViewCell.swift in Sources */,
				6E78EBF9296428710046C6F8 /* ProductDetailsInterfaces.swift in Sources */,
				6E811D6C2999432800214B50 /* UIImageView+Extension.swift in Sources */,
				6E5229452998284900836594 /* CustomErrors.swift in Sources */,
			);
			runOnlyForDeploymentPostprocessing = 0;
		};
		6EA5C4E52965CB53008D1927 /* Sources */ = {
			isa = PBXSourcesBuildPhase;
			buildActionMask = 2147483647;
			files = (
			);
			runOnlyForDeploymentPostprocessing = 0;
		};
/* End PBXSourcesBuildPhase section */

/* Begin PBXTargetDependency section */
		6EA5C4EE2965CB53008D1927 /* PBXTargetDependency */ = {
			isa = PBXTargetDependency;
			target = 6E05E3D4291C2AD700B08F4B /* SimpleVIPExample */;
			targetProxy = 6EA5C4ED2965CB53008D1927 /* PBXContainerItemProxy */;
		};
/* End PBXTargetDependency section */

/* Begin PBXVariantGroup section */
		6E05E3E3291C2AD800B08F4B /* LaunchScreen.storyboard */ = {
			isa = PBXVariantGroup;
			children = (
				6E05E3E4291C2AD800B08F4B /* Base */,
			);
			name = LaunchScreen.storyboard;
			sourceTree = "<group>";
		};
/* End PBXVariantGroup section */

/* Begin XCBuildConfiguration section */
		6E05E3E7291C2AD800B08F4B /* Debug */ = {
			isa = XCBuildConfiguration;
			buildSettings = {
				ALWAYS_SEARCH_USER_PATHS = NO;
				CLANG_ANALYZER_NONNULL = YES;
				CLANG_ANALYZER_NUMBER_OBJECT_CONVERSION = YES_AGGRESSIVE;
				CLANG_CXX_LANGUAGE_STANDARD = "gnu++20";
				CLANG_ENABLE_MODULES = YES;
				CLANG_ENABLE_OBJC_ARC = YES;
				CLANG_ENABLE_OBJC_WEAK = YES;
				CLANG_WARN_BLOCK_CAPTURE_AUTORELEASING = YES;
				CLANG_WARN_BOOL_CONVERSION = YES;
				CLANG_WARN_COMMA = YES;
				CLANG_WARN_CONSTANT_CONVERSION = YES;
				CLANG_WARN_DEPRECATED_OBJC_IMPLEMENTATIONS = YES;
				CLANG_WARN_DIRECT_OBJC_ISA_USAGE = YES_ERROR;
				CLANG_WARN_DOCUMENTATION_COMMENTS = YES;
				CLANG_WARN_EMPTY_BODY = YES;
				CLANG_WARN_ENUM_CONVERSION = YES;
				CLANG_WARN_INFINITE_RECURSION = YES;
				CLANG_WARN_INT_CONVERSION = YES;
				CLANG_WARN_NON_LITERAL_NULL_CONVERSION = YES;
				CLANG_WARN_OBJC_IMPLICIT_RETAIN_SELF = YES;
				CLANG_WARN_OBJC_LITERAL_CONVERSION = YES;
				CLANG_WARN_OBJC_ROOT_CLASS = YES_ERROR;
				CLANG_WARN_QUOTED_INCLUDE_IN_FRAMEWORK_HEADER = YES;
				CLANG_WARN_RANGE_LOOP_ANALYSIS = YES;
				CLANG_WARN_STRICT_PROTOTYPES = YES;
				CLANG_WARN_SUSPICIOUS_MOVE = YES;
				CLANG_WARN_UNGUARDED_AVAILABILITY = YES_AGGRESSIVE;
				CLANG_WARN_UNREACHABLE_CODE = YES;
				CLANG_WARN__DUPLICATE_METHOD_MATCH = YES;
				COPY_PHASE_STRIP = NO;
				DEBUG_INFORMATION_FORMAT = dwarf;
				ENABLE_STRICT_OBJC_MSGSEND = YES;
				ENABLE_TESTABILITY = YES;
				GCC_C_LANGUAGE_STANDARD = gnu11;
				GCC_DYNAMIC_NO_PIC = NO;
				GCC_NO_COMMON_BLOCKS = YES;
				GCC_OPTIMIZATION_LEVEL = 0;
				GCC_PREPROCESSOR_DEFINITIONS = (
					"DEBUG=1",
					"$(inherited)",
				);
				GCC_WARN_64_TO_32_BIT_CONVERSION = YES;
				GCC_WARN_ABOUT_RETURN_TYPE = YES_ERROR;
				GCC_WARN_UNDECLARED_SELECTOR = YES;
				GCC_WARN_UNINITIALIZED_AUTOS = YES_AGGRESSIVE;
				GCC_WARN_UNUSED_FUNCTION = YES;
				GCC_WARN_UNUSED_VARIABLE = YES;
				IPHONEOS_DEPLOYMENT_TARGET = 16.0;
				MTL_ENABLE_DEBUG_INFO = INCLUDE_SOURCE;
				MTL_FAST_MATH = YES;
				ONLY_ACTIVE_ARCH = YES;
				SDKROOT = iphoneos;
				SWIFT_ACTIVE_COMPILATION_CONDITIONS = DEBUG;
				SWIFT_OPTIMIZATION_LEVEL = "-Onone";
			};
			name = Debug;
		};
		6E05E3E8291C2AD800B08F4B /* Release */ = {
			isa = XCBuildConfiguration;
			buildSettings = {
				ALWAYS_SEARCH_USER_PATHS = NO;
				CLANG_ANALYZER_NONNULL = YES;
				CLANG_ANALYZER_NUMBER_OBJECT_CONVERSION = YES_AGGRESSIVE;
				CLANG_CXX_LANGUAGE_STANDARD = "gnu++20";
				CLANG_ENABLE_MODULES = YES;
				CLANG_ENABLE_OBJC_ARC = YES;
				CLANG_ENABLE_OBJC_WEAK = YES;
				CLANG_WARN_BLOCK_CAPTURE_AUTORELEASING = YES;
				CLANG_WARN_BOOL_CONVERSION = YES;
				CLANG_WARN_COMMA = YES;
				CLANG_WARN_CONSTANT_CONVERSION = YES;
				CLANG_WARN_DEPRECATED_OBJC_IMPLEMENTATIONS = YES;
				CLANG_WARN_DIRECT_OBJC_ISA_USAGE = YES_ERROR;
				CLANG_WARN_DOCUMENTATION_COMMENTS = YES;
				CLANG_WARN_EMPTY_BODY = YES;
				CLANG_WARN_ENUM_CONVERSION = YES;
				CLANG_WARN_INFINITE_RECURSION = YES;
				CLANG_WARN_INT_CONVERSION = YES;
				CLANG_WARN_NON_LITERAL_NULL_CONVERSION = YES;
				CLANG_WARN_OBJC_IMPLICIT_RETAIN_SELF = YES;
				CLANG_WARN_OBJC_LITERAL_CONVERSION = YES;
				CLANG_WARN_OBJC_ROOT_CLASS = YES_ERROR;
				CLANG_WARN_QUOTED_INCLUDE_IN_FRAMEWORK_HEADER = YES;
				CLANG_WARN_RANGE_LOOP_ANALYSIS = YES;
				CLANG_WARN_STRICT_PROTOTYPES = YES;
				CLANG_WARN_SUSPICIOUS_MOVE = YES;
				CLANG_WARN_UNGUARDED_AVAILABILITY = YES_AGGRESSIVE;
				CLANG_WARN_UNREACHABLE_CODE = YES;
				CLANG_WARN__DUPLICATE_METHOD_MATCH = YES;
				COPY_PHASE_STRIP = NO;
				DEBUG_INFORMATION_FORMAT = "dwarf-with-dsym";
				ENABLE_NS_ASSERTIONS = NO;
				ENABLE_STRICT_OBJC_MSGSEND = YES;
				GCC_C_LANGUAGE_STANDARD = gnu11;
				GCC_NO_COMMON_BLOCKS = YES;
				GCC_WARN_64_TO_32_BIT_CONVERSION = YES;
				GCC_WARN_ABOUT_RETURN_TYPE = YES_ERROR;
				GCC_WARN_UNDECLARED_SELECTOR = YES;
				GCC_WARN_UNINITIALIZED_AUTOS = YES_AGGRESSIVE;
				GCC_WARN_UNUSED_FUNCTION = YES;
				GCC_WARN_UNUSED_VARIABLE = YES;
				IPHONEOS_DEPLOYMENT_TARGET = 16.0;
				MTL_ENABLE_DEBUG_INFO = NO;
				MTL_FAST_MATH = YES;
				SDKROOT = iphoneos;
				SWIFT_COMPILATION_MODE = wholemodule;
				SWIFT_OPTIMIZATION_LEVEL = "-O";
				VALIDATE_PRODUCT = YES;
			};
			name = Release;
		};
		6E05E3EA291C2AD800B08F4B /* Debug */ = {
			isa = XCBuildConfiguration;
			buildSettings = {
				ASSETCATALOG_COMPILER_APPICON_NAME = AppIcon;
				ASSETCATALOG_COMPILER_GLOBAL_ACCENT_COLOR_NAME = AccentColor;
				CODE_SIGN_STYLE = Automatic;
				CURRENT_PROJECT_VERSION = 1;
				GENERATE_INFOPLIST_FILE = YES;
				INFOPLIST_FILE = SimpleVIPExample/Info.plist;
				INFOPLIST_KEY_UIApplicationSupportsIndirectInputEvents = YES;
				INFOPLIST_KEY_UILaunchStoryboardName = LaunchScreen;
				INFOPLIST_KEY_UISupportedInterfaceOrientations_iPad = "UIInterfaceOrientationPortrait UIInterfaceOrientationPortraitUpsideDown UIInterfaceOrientationLandscapeLeft UIInterfaceOrientationLandscapeRight";
				INFOPLIST_KEY_UISupportedInterfaceOrientations_iPhone = "UIInterfaceOrientationPortrait UIInterfaceOrientationLandscapeLeft UIInterfaceOrientationLandscapeRight";
				LD_RUNPATH_SEARCH_PATHS = (
					"$(inherited)",
					"@executable_path/Frameworks",
				);
				MARKETING_VERSION = 1.0;
				PRODUCT_BUNDLE_IDENTIFIER = com.vishal.SimpleVIPExample;
				PRODUCT_NAME = "$(TARGET_NAME)";
				SWIFT_EMIT_LOC_STRINGS = YES;
				SWIFT_VERSION = 5.0;
				TARGETED_DEVICE_FAMILY = "1,2";
			};
			name = Debug;
		};
		6E05E3EB291C2AD800B08F4B /* Release */ = {
			isa = XCBuildConfiguration;
			buildSettings = {
				ASSETCATALOG_COMPILER_APPICON_NAME = AppIcon;
				ASSETCATALOG_COMPILER_GLOBAL_ACCENT_COLOR_NAME = AccentColor;
				CODE_SIGN_STYLE = Automatic;
				CURRENT_PROJECT_VERSION = 1;
				GENERATE_INFOPLIST_FILE = YES;
				INFOPLIST_FILE = SimpleVIPExample/Info.plist;
				INFOPLIST_KEY_UIApplicationSupportsIndirectInputEvents = YES;
				INFOPLIST_KEY_UILaunchStoryboardName = LaunchScreen;
				INFOPLIST_KEY_UISupportedInterfaceOrientations_iPad = "UIInterfaceOrientationPortrait UIInterfaceOrientationPortraitUpsideDown UIInterfaceOrientationLandscapeLeft UIInterfaceOrientationLandscapeRight";
				INFOPLIST_KEY_UISupportedInterfaceOrientations_iPhone = "UIInterfaceOrientationPortrait UIInterfaceOrientationLandscapeLeft UIInterfaceOrientationLandscapeRight";
				LD_RUNPATH_SEARCH_PATHS = (
					"$(inherited)",
					"@executable_path/Frameworks",
				);
				MARKETING_VERSION = 1.0;
				PRODUCT_BUNDLE_IDENTIFIER = com.vishal.SimpleVIPExample;
				PRODUCT_NAME = "$(TARGET_NAME)";
				SWIFT_EMIT_LOC_STRINGS = YES;
				SWIFT_VERSION = 5.0;
				TARGETED_DEVICE_FAMILY = "1,2";
			};
			name = Release;
		};
		6EA5C4EF2965CB53008D1927 /* Debug */ = {
			isa = XCBuildConfiguration;
			buildSettings = {
				BUNDLE_LOADER = "$(TEST_HOST)";
				CLANG_ENABLE_MODULES = YES;
				CODE_SIGN_STYLE = Automatic;
				CURRENT_PROJECT_VERSION = 1;
				GENERATE_INFOPLIST_FILE = YES;
				LD_RUNPATH_SEARCH_PATHS = (
					"$(inherited)",
					"@executable_path/Frameworks",
					"@loader_path/Frameworks",
				);
				MARKETING_VERSION = 1.0;
				PRODUCT_BUNDLE_IDENTIFIER = com.vishal.SimpleVIPExampleTests;
				PRODUCT_NAME = "$(TARGET_NAME)";
				SWIFT_EMIT_LOC_STRINGS = NO;
				SWIFT_OPTIMIZATION_LEVEL = "-Onone";
				SWIFT_VERSION = 5.0;
				TARGETED_DEVICE_FAMILY = "1,2";
				TEST_HOST = "$(BUILT_PRODUCTS_DIR)/SimpleVIPExample.app/$(BUNDLE_EXECUTABLE_FOLDER_PATH)/SimpleVIPExample";
			};
			name = Debug;
		};
		6EA5C4F02965CB53008D1927 /* Release */ = {
			isa = XCBuildConfiguration;
			buildSettings = {
				BUNDLE_LOADER = "$(TEST_HOST)";
				CLANG_ENABLE_MODULES = YES;
				CODE_SIGN_STYLE = Automatic;
				CURRENT_PROJECT_VERSION = 1;
				GENERATE_INFOPLIST_FILE = YES;
				LD_RUNPATH_SEARCH_PATHS = (
					"$(inherited)",
					"@executable_path/Frameworks",
					"@loader_path/Frameworks",
				);
				MARKETING_VERSION = 1.0;
				PRODUCT_BUNDLE_IDENTIFIER = com.vishal.SimpleVIPExampleTests;
				PRODUCT_NAME = "$(TARGET_NAME)";
				SWIFT_EMIT_LOC_STRINGS = NO;
				SWIFT_VERSION = 5.0;
				TARGETED_DEVICE_FAMILY = "1,2";
				TEST_HOST = "$(BUILT_PRODUCTS_DIR)/SimpleVIPExample.app/$(BUNDLE_EXECUTABLE_FOLDER_PATH)/SimpleVIPExample";
			};
			name = Release;
		};
/* End XCBuildConfiguration section */

/* Begin XCConfigurationList section */
		6E05E3D0291C2AD700B08F4B /* Build configuration list for PBXProject "SimpleVIPExample" */ = {
			isa = XCConfigurationList;
			buildConfigurations = (
				6E05E3E7291C2AD800B08F4B /* Debug */,
				6E05E3E8291C2AD800B08F4B /* Release */,
			);
			defaultConfigurationIsVisible = 0;
			defaultConfigurationName = Release;
		};
		6E05E3E9291C2AD800B08F4B /* Build configuration list for PBXNativeTarget "SimpleVIPExample" */ = {
			isa = XCConfigurationList;
			buildConfigurations = (
				6E05E3EA291C2AD800B08F4B /* Debug */,
				6E05E3EB291C2AD800B08F4B /* Release */,
			);
			defaultConfigurationIsVisible = 0;
			defaultConfigurationName = Release;
		};
		6EA5C4F12965CB53008D1927 /* Build configuration list for PBXNativeTarget "SimpleVIPExampleTests" */ = {
			isa = XCConfigurationList;
			buildConfigurations = (
				6EA5C4EF2965CB53008D1927 /* Debug */,
				6EA5C4F02965CB53008D1927 /* Release */,
			);
			defaultConfigurationIsVisible = 0;
			defaultConfigurationName = Release;
		};
/* End XCConfigurationList section */

/* Begin XCRemoteSwiftPackageReference section */
		6E811D67299940B700214B50 /* XCRemoteSwiftPackageReference "Kingfisher" */ = {
			isa = XCRemoteSwiftPackageReference;
			repositoryURL = "https://github.com/onevcat/Kingfisher.git";
			requirement = {
				kind = upToNextMajorVersion;
				minimumVersion = 7.0.0;
			};
		};
/* End XCRemoteSwiftPackageReference section */

/* Begin XCSwiftPackageProductDependency section */
		6E811D68299940B700214B50 /* Kingfisher */ = {
			isa = XCSwiftPackageProductDependency;
			package = 6E811D67299940B700214B50 /* XCRemoteSwiftPackageReference "Kingfisher" */;
			productName = Kingfisher;
		};
/* End XCSwiftPackageProductDependency section */
	};
	rootObject = 6E05E3CD291C2AD700B08F4B /* Project object */;
}
